// !$*UTF8*$!
{
	archiveVersion = 1;
	classes = {
	};
	objectVersion = 56;
	objects = {

/* Begin PBXBuildFile section */
		5E0CA3822AB8AAD40087BE58 /* binary stuff.swift in Sources */ = {isa = PBXBuildFile; fileRef = 5E0CA3812AB8AAD40087BE58 /* binary stuff.swift */; };
		E568C8F52AB8A4270045CF3B /* binary_to_hexadecimalApp.swift in Sources */ = {isa = PBXBuildFile; fileRef = E568C8F42AB8A4270045CF3B /* binary_to_hexadecimalApp.swift */; };
		E568C8F72AB8A4270045CF3B /* ContentView.swift in Sources */ = {isa = PBXBuildFile; fileRef = E568C8F62AB8A4270045CF3B /* ContentView.swift */; };
		E568C8F92AB8A4280045CF3B /* Assets.xcassets in Resources */ = {isa = PBXBuildFile; fileRef = E568C8F82AB8A4280045CF3B /* Assets.xcassets */; };
		E568C8FC2AB8A4280045CF3B /* Preview Assets.xcassets in Resources */ = {isa = PBXBuildFile; fileRef = E568C8FB2AB8A4280045CF3B /* Preview Assets.xcassets */; };
		E568C8FE2AB8A4280045CF3B /* Persistence.swift in Sources */ = {isa = PBXBuildFile; fileRef = E568C8FD2AB8A4280045CF3B /* Persistence.swift */; };
		E568C9012AB8A4280045CF3B /* binary_to_hexadecimal.xcdatamodeld in Sources */ = {isa = PBXBuildFile; fileRef = E568C8FF2AB8A4280045CF3B /* binary_to_hexadecimal.xcdatamodeld */; };
		E568C90B2AB8A4280045CF3B /* binary_to_hexadecimalTests.swift in Sources */ = {isa = PBXBuildFile; fileRef = E568C90A2AB8A4280045CF3B /* binary_to_hexadecimalTests.swift */; };
		E568C9152AB8A4280045CF3B /* binary_to_hexadecimalUITests.swift in Sources */ = {isa = PBXBuildFile; fileRef = E568C9142AB8A4280045CF3B /* binary_to_hexadecimalUITests.swift */; };
		E568C9172AB8A4280045CF3B /* binary_to_hexadecimalUITestsLaunchTests.swift in Sources */ = {isa = PBXBuildFile; fileRef = E568C9162AB8A4280045CF3B /* binary_to_hexadecimalUITestsLaunchTests.swift */; };
/* End PBXBuildFile section */

/* Begin PBXContainerItemProxy section */
		E568C9072AB8A4280045CF3B /* PBXContainerItemProxy */ = {
			isa = PBXContainerItemProxy;
			containerPortal = E568C8E92AB8A4270045CF3B /* Project object */;
			proxyType = 1;
			remoteGlobalIDString = E568C8F02AB8A4270045CF3B;
			remoteInfo = "binary to hexadecimal";
		};
		E568C9112AB8A4280045CF3B /* PBXContainerItemProxy */ = {
			isa = PBXContainerItemProxy;
			containerPortal = E568C8E92AB8A4270045CF3B /* Project object */;
			proxyType = 1;
			remoteGlobalIDString = E568C8F02AB8A4270045CF3B;
			remoteInfo = "binary to hexadecimal";
		};
/* End PBXContainerItemProxy section */

/* Begin PBXFileReference section */
		5E0CA3812AB8AAD40087BE58 /* binary stuff.swift */ = {isa = PBXFileReference; fileEncoding = 4; lastKnownFileType = sourcecode.swift; path = "binary stuff.swift"; sourceTree = SOURCE_ROOT; };
		E568C8F12AB8A4270045CF3B /* binary to hexadecimal.app */ = {isa = PBXFileReference; explicitFileType = wrapper.application; includeInIndex = 0; path = "binary to hexadecimal.app"; sourceTree = BUILT_PRODUCTS_DIR; };
		E568C8F42AB8A4270045CF3B /* binary_to_hexadecimalApp.swift */ = {isa = PBXFileReference; lastKnownFileType = sourcecode.swift; path = binary_to_hexadecimalApp.swift; sourceTree = "<group>"; };
		E568C8F62AB8A4270045CF3B /* ContentView.swift */ = {isa = PBXFileReference; lastKnownFileType = sourcecode.swift; path = ContentView.swift; sourceTree = "<group>"; };
		E568C8F82AB8A4280045CF3B /* Assets.xcassets */ = {isa = PBXFileReference; lastKnownFileType = folder.assetcatalog; path = Assets.xcassets; sourceTree = "<group>"; };
		E568C8FB2AB8A4280045CF3B /* Preview Assets.xcassets */ = {isa = PBXFileReference; lastKnownFileType = folder.assetcatalog; path = "Preview Assets.xcassets"; sourceTree = "<group>"; };
		E568C8FD2AB8A4280045CF3B /* Persistence.swift */ = {isa = PBXFileReference; lastKnownFileType = sourcecode.swift; path = Persistence.swift; sourceTree = "<group>"; };
		E568C9002AB8A4280045CF3B /* binary_to_hexadecimal.xcdatamodel */ = {isa = PBXFileReference; lastKnownFileType = wrapper.xcdatamodel; path = binary_to_hexadecimal.xcdatamodel; sourceTree = "<group>"; };
		E568C9062AB8A4280045CF3B /* binary to hexadecimalTests.xctest */ = {isa = PBXFileReference; explicitFileType = wrapper.cfbundle; includeInIndex = 0; path = "binary to hexadecimalTests.xctest"; sourceTree = BUILT_PRODUCTS_DIR; };
		E568C90A2AB8A4280045CF3B /* binary_to_hexadecimalTests.swift */ = {isa = PBXFileReference; lastKnownFileType = sourcecode.swift; path = binary_to_hexadecimalTests.swift; sourceTree = "<group>"; };
		E568C9102AB8A4280045CF3B /* binary to hexadecimalUITests.xctest */ = {isa = PBXFileReference; explicitFileType = wrapper.cfbundle; includeInIndex = 0; path = "binary to hexadecimalUITests.xctest"; sourceTree = BUILT_PRODUCTS_DIR; };
		E568C9142AB8A4280045CF3B /* binary_to_hexadecimalUITests.swift */ = {isa = PBXFileReference; lastKnownFileType = sourcecode.swift; path = binary_to_hexadecimalUITests.swift; sourceTree = "<group>"; };
		E568C9162AB8A4280045CF3B /* binary_to_hexadecimalUITestsLaunchTests.swift */ = {isa = PBXFileReference; lastKnownFileType = sourcecode.swift; path = binary_to_hexadecimalUITestsLaunchTests.swift; sourceTree = "<group>"; };
/* End PBXFileReference section */

/* Begin PBXFrameworksBuildPhase section */
		E568C8EE2AB8A4270045CF3B /* Frameworks */ = {
			isa = PBXFrameworksBuildPhase;
			buildActionMask = 2147483647;
			files = (
			);
			runOnlyForDeploymentPostprocessing = 0;
		};
		E568C9032AB8A4280045CF3B /* Frameworks */ = {
			isa = PBXFrameworksBuildPhase;
			buildActionMask = 2147483647;
			files = (
			);
			runOnlyForDeploymentPostprocessing = 0;
		};
		E568C90D2AB8A4280045CF3B /* Frameworks */ = {
			isa = PBXFrameworksBuildPhase;
			buildActionMask = 2147483647;
			files = (
			);
			runOnlyForDeploymentPostprocessing = 0;
		};
/* End PBXFrameworksBuildPhase section */

/* Begin PBXGroup section */
		E568C8E82AB8A4270045CF3B = {
			isa = PBXGroup;
			children = (
				E568C8F32AB8A4270045CF3B /* binary to hexadecimal */,
				E568C9092AB8A4280045CF3B /* binary to hexadecimalTests */,
				E568C9132AB8A4280045CF3B /* binary to hexadecimalUITests */,
				E568C8F22AB8A4270045CF3B /* Products */,
			);
			sourceTree = "<group>";
		};
		E568C8F22AB8A4270045CF3B /* Products */ = {
			isa = PBXGroup;
			children = (
				E568C8F12AB8A4270045CF3B /* binary to hexadecimal.app */,
				E568C9062AB8A4280045CF3B /* binary to hexadecimalTests.xctest */,
				E568C9102AB8A4280045CF3B /* binary to hexadecimalUITests.xctest */,
			);
			name = Products;
			sourceTree = "<group>";
		};
		E568C8F32AB8A4270045CF3B /* binary to hexadecimal */ = {
			isa = PBXGroup;
			children = (
				E568C8F42AB8A4270045CF3B /* binary_to_hexadecimalApp.swift */,
				E568C8F62AB8A4270045CF3B /* ContentView.swift */,
				E568C8F82AB8A4280045CF3B /* Assets.xcassets */,
				E568C8FD2AB8A4280045CF3B /* Persistence.swift */,
				E568C8FF2AB8A4280045CF3B /* binary_to_hexadecimal.xcdatamodeld */,
				5E0CA3812AB8AAD40087BE58 /* binary stuff.swift */,
				E568C8FA2AB8A4280045CF3B /* Preview Content */,
			);
			path = "binary to hexadecimal";
			sourceTree = "<group>";
		};
		E568C8FA2AB8A4280045CF3B /* Preview Content */ = {
			isa = PBXGroup;
			children = (
				E568C8FB2AB8A4280045CF3B /* Preview Assets.xcassets */,
			);
			path = "Preview Content";
			sourceTree = "<group>";
		};
		E568C9092AB8A4280045CF3B /* binary to hexadecimalTests */ = {
			isa = PBXGroup;
			children = (
				E568C90A2AB8A4280045CF3B /* binary_to_hexadecimalTests.swift */,
			);
			path = "binary to hexadecimalTests";
			sourceTree = "<group>";
		};
		E568C9132AB8A4280045CF3B /* binary to hexadecimalUITests */ = {
			isa = PBXGroup;
			children = (
				E568C9142AB8A4280045CF3B /* binary_to_hexadecimalUITests.swift */,
				E568C9162AB8A4280045CF3B /* binary_to_hexadecimalUITestsLaunchTests.swift */,
			);
			path = "binary to hexadecimalUITests";
			sourceTree = "<group>";
		};
/* End PBXGroup section */

/* Begin PBXNativeTarget section */
		E568C8F02AB8A4270045CF3B /* binary to hexadecimal */ = {
			isa = PBXNativeTarget;
			buildConfigurationList = E568C91A2AB8A4280045CF3B /* Build configuration list for PBXNativeTarget "binary to hexadecimal" */;
			buildPhases = (
				E568C8ED2AB8A4270045CF3B /* Sources */,
				E568C8EE2AB8A4270045CF3B /* Frameworks */,
				E568C8EF2AB8A4270045CF3B /* Resources */,
			);
			buildRules = (
			);
			dependencies = (
			);
			name = "binary to hexadecimal";
			productName = "binary to hexadecimal";
			productReference = E568C8F12AB8A4270045CF3B /* binary to hexadecimal.app */;
			productType = "com.apple.product-type.application";
		};
		E568C9052AB8A4280045CF3B /* binary to hexadecimalTests */ = {
			isa = PBXNativeTarget;
			buildConfigurationList = E568C91D2AB8A4280045CF3B /* Build configuration list for PBXNativeTarget "binary to hexadecimalTests" */;
			buildPhases = (
				E568C9022AB8A4280045CF3B /* Sources */,
				E568C9032AB8A4280045CF3B /* Frameworks */,
				E568C9042AB8A4280045CF3B /* Resources */,
			);
			buildRules = (
			);
			dependencies = (
				E568C9082AB8A4280045CF3B /* PBXTargetDependency */,
			);
			name = "binary to hexadecimalTests";
			productName = "binary to hexadecimalTests";
			productReference = E568C9062AB8A4280045CF3B /* binary to hexadecimalTests.xctest */;
			productType = "com.apple.product-type.bundle.unit-test";
		};
		E568C90F2AB8A4280045CF3B /* binary to hexadecimalUITests */ = {
			isa = PBXNativeTarget;
			buildConfigurationList = E568C9202AB8A4280045CF3B /* Build configuration list for PBXNativeTarget "binary to hexadecimalUITests" */;
			buildPhases = (
				E568C90C2AB8A4280045CF3B /* Sources */,
				E568C90D2AB8A4280045CF3B /* Frameworks */,
				E568C90E2AB8A4280045CF3B /* Resources */,
			);
			buildRules = (
			);
			dependencies = (
				E568C9122AB8A4280045CF3B /* PBXTargetDependency */,
			);
			name = "binary to hexadecimalUITests";
			productName = "binary to hexadecimalUITests";
			productReference = E568C9102AB8A4280045CF3B /* binary to hexadecimalUITests.xctest */;
			productType = "com.apple.product-type.bundle.ui-testing";
		};
/* End PBXNativeTarget section */

/* Begin PBXProject section */
		E568C8E92AB8A4270045CF3B /* Project object */ = {
			isa = PBXProject;
			attributes = {
				BuildIndependentTargetsInParallel = 1;
				LastSwiftUpdateCheck = 1430;
				LastUpgradeCheck = 1430;
				TargetAttributes = {
					E568C8F02AB8A4270045CF3B = {
						CreatedOnToolsVersion = 14.3.1;
					};
					E568C9052AB8A4280045CF3B = {
						CreatedOnToolsVersion = 14.3.1;
						TestTargetID = E568C8F02AB8A4270045CF3B;
					};
					E568C90F2AB8A4280045CF3B = {
						CreatedOnToolsVersion = 14.3.1;
						TestTargetID = E568C8F02AB8A4270045CF3B;
					};
				};
			};
			buildConfigurationList = E568C8EC2AB8A4270045CF3B /* Build configuration list for PBXProject "binary to hexadecimal" */;
			compatibilityVersion = "Xcode 14.0";
			developmentRegion = en;
			hasScannedForEncodings = 0;
			knownRegions = (
				en,
				Base,
			);
			mainGroup = E568C8E82AB8A4270045CF3B;
			productRefGroup = E568C8F22AB8A4270045CF3B /* Products */;
			projectDirPath = "";
			projectRoot = "";
			targets = (
				E568C8F02AB8A4270045CF3B /* binary to hexadecimal */,
				E568C9052AB8A4280045CF3B /* binary to hexadecimalTests */,
				E568C90F2AB8A4280045CF3B /* binary to hexadecimalUITests */,
			);
		};
/* End PBXProject section */

/* Begin PBXResourcesBuildPhase section */
		E568C8EF2AB8A4270045CF3B /* Resources */ = {
			isa = PBXResourcesBuildPhase;
			buildActionMask = 2147483647;
			files = (
				E568C8FC2AB8A4280045CF3B /* Preview Assets.xcassets in Resources */,
				E568C8F92AB8A4280045CF3B /* Assets.xcassets in Resources */,
			);
			runOnlyForDeploymentPostprocessing = 0;
		};
		E568C9042AB8A4280045CF3B /* Resources */ = {
			isa = PBXResourcesBuildPhase;
			buildActionMask = 2147483647;
			files = (
			);
			runOnlyForDeploymentPostprocessing = 0;
		};
		E568C90E2AB8A4280045CF3B /* Resources */ = {
			isa = PBXResourcesBuildPhase;
			buildActionMask = 2147483647;
			files = (
			);
			runOnlyForDeploymentPostprocessing = 0;
		};
/* End PBXResourcesBuildPhase section */

/* Begin PBXSourcesBuildPhase section */
		E568C8ED2AB8A4270045CF3B /* Sources */ = {
			isa = PBXSourcesBuildPhase;
			buildActionMask = 2147483647;
			files = (
				E568C8FE2AB8A4280045CF3B /* Persistence.swift in Sources */,
				5E0CA3822AB8AAD40087BE58 /* binary stuff.swift in Sources */,
				E568C9012AB8A4280045CF3B /* binary_to_hexadecimal.xcdatamodeld in Sources */,
				E568C8F72AB8A4270045CF3B /* ContentView.swift in Sources */,
				E568C8F52AB8A4270045CF3B /* binary_to_hexadecimalApp.swift in Sources */,
			);
			runOnlyForDeploymentPostprocessing = 0;
		};
		E568C9022AB8A4280045CF3B /* Sources */ = {
			isa = PBXSourcesBuildPhase;
			buildActionMask = 2147483647;
			files = (
				E568C90B2AB8A4280045CF3B /* binary_to_hexadecimalTests.swift in Sources */,
			);
			runOnlyForDeploymentPostprocessing = 0;
		};
		E568C90C2AB8A4280045CF3B /* Sources */ = {
			isa = PBXSourcesBuildPhase;
			buildActionMask = 2147483647;
			files = (
				E568C9172AB8A4280045CF3B /* binary_to_hexadecimalUITestsLaunchTests.swift in Sources */,
				E568C9152AB8A4280045CF3B /* binary_to_hexadecimalUITests.swift in Sources */,
			);
			runOnlyForDeploymentPostprocessing = 0;
		};
/* End PBXSourcesBuildPhase section */

/* Begin PBXTargetDependency section */
		E568C9082AB8A4280045CF3B /* PBXTargetDependency */ = {
			isa = PBXTargetDependency;
			target = E568C8F02AB8A4270045CF3B /* binary to hexadecimal */;
			targetProxy = E568C9072AB8A4280045CF3B /* PBXContainerItemProxy */;
		};
		E568C9122AB8A4280045CF3B /* PBXTargetDependency */ = {
			isa = PBXTargetDependency;
			target = E568C8F02AB8A4270045CF3B /* binary to hexadecimal */;
			targetProxy = E568C9112AB8A4280045CF3B /* PBXContainerItemProxy */;
		};
/* End PBXTargetDependency section */

/* Begin XCBuildConfiguration section */
		E568C9182AB8A4280045CF3B /* Debug */ = {
			isa = XCBuildConfiguration;
			buildSettings = {
				ALWAYS_SEARCH_USER_PATHS = NO;
				CLANG_ANALYZER_NONNULL = YES;
				CLANG_ANALYZER_NUMBER_OBJECT_CONVERSION = YES_AGGRESSIVE;
				CLANG_CXX_LANGUAGE_STANDARD = "gnu++20";
				CLANG_ENABLE_MODULES = YES;
				CLANG_ENABLE_OBJC_ARC = YES;
				CLANG_ENABLE_OBJC_WEAK = YES;
				CLANG_WARN_BLOCK_CAPTURE_AUTORELEASING = YES;
				CLANG_WARN_BOOL_CONVERSION = YES;
				CLANG_WARN_COMMA = YES;
				CLANG_WARN_CONSTANT_CONVERSION = YES;
				CLANG_WARN_DEPRECATED_OBJC_IMPLEMENTATIONS = YES;
				CLANG_WARN_DIRECT_OBJC_ISA_USAGE = YES_ERROR;
				CLANG_WARN_DOCUMENTATION_COMMENTS = YES;
				CLANG_WARN_EMPTY_BODY = YES;
				CLANG_WARN_ENUM_CONVERSION = YES;
				CLANG_WARN_INFINITE_RECURSION = YES;
				CLANG_WARN_INT_CONVERSION = YES;
				CLANG_WARN_NON_LITERAL_NULL_CONVERSION = YES;
				CLANG_WARN_OBJC_IMPLICIT_RETAIN_SELF = YES;
				CLANG_WARN_OBJC_LITERAL_CONVERSION = YES;
				CLANG_WARN_OBJC_ROOT_CLASS = YES_ERROR;
				CLANG_WARN_QUOTED_INCLUDE_IN_FRAMEWORK_HEADER = YES;
				CLANG_WARN_RANGE_LOOP_ANALYSIS = YES;
				CLANG_WARN_STRICT_PROTOTYPES = YES;
				CLANG_WARN_SUSPICIOUS_MOVE = YES;
				CLANG_WARN_UNGUARDED_AVAILABILITY = YES_AGGRESSIVE;
				CLANG_WARN_UNREACHABLE_CODE = YES;
				CLANG_WARN__DUPLICATE_METHOD_MATCH = YES;
				COPY_PHASE_STRIP = NO;
				DEBUG_INFORMATION_FORMAT = dwarf;
				ENABLE_STRICT_OBJC_MSGSEND = YES;
				ENABLE_TESTABILITY = YES;
				GCC_C_LANGUAGE_STANDARD = gnu11;
				GCC_DYNAMIC_NO_PIC = NO;
				GCC_NO_COMMON_BLOCKS = YES;
				GCC_OPTIMIZATION_LEVEL = 0;
				GCC_PREPROCESSOR_DEFINITIONS = (
					"DEBUG=1",
					"$(inherited)",
				);
				GCC_WARN_64_TO_32_BIT_CONVERSION = YES;
				GCC_WARN_ABOUT_RETURN_TYPE = YES_ERROR;
				GCC_WARN_UNDECLARED_SELECTOR = YES;
				GCC_WARN_UNINITIALIZED_AUTOS = YES_AGGRESSIVE;
				GCC_WARN_UNUSED_FUNCTION = YES;
				GCC_WARN_UNUSED_VARIABLE = YES;
				IPHONEOS_DEPLOYMENT_TARGET = 16.4;
				MTL_ENABLE_DEBUG_INFO = INCLUDE_SOURCE;
				MTL_FAST_MATH = YES;
				ONLY_ACTIVE_ARCH = YES;
				SDKROOT = iphoneos;
				SWIFT_ACTIVE_COMPILATION_CONDITIONS = DEBUG;
				SWIFT_OPTIMIZATION_LEVEL = "-Onone";
			};
			name = Debug;
		};
		E568C9192AB8A4280045CF3B /* Release */ = {
			isa = XCBuildConfiguration;
			buildSettings = {
				ALWAYS_SEARCH_USER_PATHS = NO;
				CLANG_ANALYZER_NONNULL = YES;
				CLANG_ANALYZER_NUMBER_OBJECT_CONVERSION = YES_AGGRESSIVE;
				CLANG_CXX_LANGUAGE_STANDARD = "gnu++20";
				CLANG_ENABLE_MODULES = YES;
				CLANG_ENABLE_OBJC_ARC = YES;
				CLANG_ENABLE_OBJC_WEAK = YES;
				CLANG_WARN_BLOCK_CAPTURE_AUTORELEASING = YES;
				CLANG_WARN_BOOL_CONVERSION = YES;
				CLANG_WARN_COMMA = YES;
				CLANG_WARN_CONSTANT_CONVERSION = YES;
				CLANG_WARN_DEPRECATED_OBJC_IMPLEMENTATIONS = YES;
				CLANG_WARN_DIRECT_OBJC_ISA_USAGE = YES_ERROR;
				CLANG_WARN_DOCUMENTATION_COMMENTS = YES;
				CLANG_WARN_EMPTY_BODY = YES;
				CLANG_WARN_ENUM_CONVERSION = YES;
				CLANG_WARN_INFINITE_RECURSION = YES;
				CLANG_WARN_INT_CONVERSION = YES;
				CLANG_WARN_NON_LITERAL_NULL_CONVERSION = YES;
				CLANG_WARN_OBJC_IMPLICIT_RETAIN_SELF = YES;
				CLANG_WARN_OBJC_LITERAL_CONVERSION = YES;
				CLANG_WARN_OBJC_ROOT_CLASS = YES_ERROR;
				CLANG_WARN_QUOTED_INCLUDE_IN_FRAMEWORK_HEADER = YES;
				CLANG_WARN_RANGE_LOOP_ANALYSIS = YES;
				CLANG_WARN_STRICT_PROTOTYPES = YES;
				CLANG_WARN_SUSPICIOUS_MOVE = YES;
				CLANG_WARN_UNGUARDED_AVAILABILITY = YES_AGGRESSIVE;
				CLANG_WARN_UNREACHABLE_CODE = YES;
				CLANG_WARN__DUPLICATE_METHOD_MATCH = YES;
				COPY_PHASE_STRIP = NO;
				DEBUG_INFORMATION_FORMAT = "dwarf-with-dsym";
				ENABLE_NS_ASSERTIONS = NO;
				ENABLE_STRICT_OBJC_MSGSEND = YES;
				GCC_C_LANGUAGE_STANDARD = gnu11;
				GCC_NO_COMMON_BLOCKS = YES;
				GCC_WARN_64_TO_32_BIT_CONVERSION = YES;
				GCC_WARN_ABOUT_RETURN_TYPE = YES_ERROR;
				GCC_WARN_UNDECLARED_SELECTOR = YES;
				GCC_WARN_UNINITIALIZED_AUTOS = YES_AGGRESSIVE;
				GCC_WARN_UNUSED_FUNCTION = YES;
				GCC_WARN_UNUSED_VARIABLE = YES;
				IPHONEOS_DEPLOYMENT_TARGET = 16.4;
				MTL_ENABLE_DEBUG_INFO = NO;
				MTL_FAST_MATH = YES;
				SDKROOT = iphoneos;
				SWIFT_COMPILATION_MODE = wholemodule;
				SWIFT_OPTIMIZATION_LEVEL = "-O";
				VALIDATE_PRODUCT = YES;
			};
			name = Release;
		};
		E568C91B2AB8A4280045CF3B /* Debug */ = {
			isa = XCBuildConfiguration;
			buildSettings = {
				ASSETCATALOG_COMPILER_APPICON_NAME = AppIcon;
				ASSETCATALOG_COMPILER_GLOBAL_ACCENT_COLOR_NAME = AccentColor;
				CODE_SIGN_STYLE = Automatic;
				CURRENT_PROJECT_VERSION = 1;
				DEVELOPMENT_ASSET_PATHS = "\"binary to hexadecimal/Preview Content\"";
				ENABLE_PREVIEWS = YES;
				GENERATE_INFOPLIST_FILE = YES;
				INFOPLIST_KEY_UIApplicationSceneManifest_Generation = YES;
				INFOPLIST_KEY_UIApplicationSupportsIndirectInputEvents = YES;
				INFOPLIST_KEY_UILaunchScreen_Generation = YES;
				INFOPLIST_KEY_UISupportedInterfaceOrientations_iPad = "UIInterfaceOrientationPortrait UIInterfaceOrientationPortraitUpsideDown UIInterfaceOrientationLandscapeLeft UIInterfaceOrientationLandscapeRight";
				INFOPLIST_KEY_UISupportedInterfaceOrientations_iPhone = "UIInterfaceOrientationPortrait UIInterfaceOrientationLandscapeLeft UIInterfaceOrientationLandscapeRight";
				LD_RUNPATH_SEARCH_PATHS = (
					"$(inherited)",
					"@executable_path/Frameworks",
				);
				MARKETING_VERSION = 1.0;
				PRODUCT_BUNDLE_IDENTIFIER = "com.phs.binary-to-hexadecimal";
				PRODUCT_NAME = "$(TARGET_NAME)";
				SWIFT_EMIT_LOC_STRINGS = YES;
				SWIFT_VERSION = 5.0;
				TARGETED_DEVICE_FAMILY = "1,2";
			};
			name = Debug;
		};
		E568C91C2AB8A4280045CF3B /* Release */ = {
			isa = XCBuildConfiguration;
			buildSettings = {
				ASSETCATALOG_COMPILER_APPICON_NAME = AppIcon;
				ASSETCATALOG_COMPILER_GLOBAL_ACCENT_COLOR_NAME = AccentColor;
				CODE_SIGN_STYLE = Automatic;
				CURRENT_PROJECT_VERSION = 1;
				DEVELOPMENT_ASSET_PATHS = "\"binary to hexadecimal/Preview Content\"";
				ENABLE_PREVIEWS = YES;
				GENERATE_INFOPLIST_FILE = YES;
				INFOPLIST_KEY_UIApplicationSceneManifest_Generation = YES;
				INFOPLIST_KEY_UIApplicationSupportsIndirectInputEvents = YES;
				INFOPLIST_KEY_UILaunchScreen_Generation = YES;
				INFOPLIST_KEY_UISupportedInterfaceOrientations_iPad = "UIInterfaceOrientationPortrait UIInterfaceOrientationPortraitUpsideDown UIInterfaceOrientationLandscapeLeft UIInterfaceOrientationLandscapeRight";
				INFOPLIST_KEY_UISupportedInterfaceOrientations_iPhone = "UIInterfaceOrientationPortrait UIInterfaceOrientationLandscapeLeft UIInterfaceOrientationLandscapeRight";
				LD_RUNPATH_SEARCH_PATHS = (
					"$(inherited)",
					"@executable_path/Frameworks",
				);
				MARKETING_VERSION = 1.0;
				PRODUCT_BUNDLE_IDENTIFIER = "com.phs.binary-to-hexadecimal";
				PRODUCT_NAME = "$(TARGET_NAME)";
				SWIFT_EMIT_LOC_STRINGS = YES;
				SWIFT_VERSION = 5.0;
				TARGETED_DEVICE_FAMILY = "1,2";
			};
			name = Release;
		};
		E568C91E2AB8A4280045CF3B /* Debug */ = {
			isa = XCBuildConfiguration;
			buildSettings = {
				ALWAYS_EMBED_SWIFT_STANDARD_LIBRARIES = YES;
				BUNDLE_LOADER = "$(TEST_HOST)";
				CODE_SIGN_STYLE = Automatic;
				CURRENT_PROJECT_VERSION = 1;
				GENERATE_INFOPLIST_FILE = YES;
				IPHONEOS_DEPLOYMENT_TARGET = 16.4;
				MARKETING_VERSION = 1.0;
				PRODUCT_BUNDLE_IDENTIFIER = "com.phs.binary-to-hexadecimalTests";
				PRODUCT_NAME = "$(TARGET_NAME)";
				SWIFT_EMIT_LOC_STRINGS = NO;
				SWIFT_VERSION = 5.0;
				TARGETED_DEVICE_FAMILY = "1,2";
				TEST_HOST = "$(BUILT_PRODUCTS_DIR)/binary to hexadecimal.app/$(BUNDLE_EXECUTABLE_FOLDER_PATH)/binary to hexadecimal";
			};
			name = Debug;
		};
		E568C91F2AB8A4280045CF3B /* Release */ = {
			isa = XCBuildConfiguration;
			buildSettings = {
				ALWAYS_EMBED_SWIFT_STANDARD_LIBRARIES = YES;
				BUNDLE_LOADER = "$(TEST_HOST)";
				CODE_SIGN_STYLE = Automatic;
				CURRENT_PROJECT_VERSION = 1;
				GENERATE_INFOPLIST_FILE = YES;
				IPHONEOS_DEPLOYMENT_TARGET = 16.4;
				MARKETING_VERSION = 1.0;
				PRODUCT_BUNDLE_IDENTIFIER = "com.phs.binary-to-hexadecimalTests";
				PRODUCT_NAME = "$(TARGET_NAME)";
				SWIFT_EMIT_LOC_STRINGS = NO;
				SWIFT_VERSION = 5.0;
				TARGETED_DEVICE_FAMILY = "1,2";
				TEST_HOST = "$(BUILT_PRODUCTS_DIR)/binary to hexadecimal.app/$(BUNDLE_EXECUTABLE_FOLDER_PATH)/binary to hexadecimal";
			};
			name = Release;
		};
		E568C9212AB8A4280045CF3B /* Debug */ = {
			isa = XCBuildConfiguration;
			buildSettings = {
				ALWAYS_EMBED_SWIFT_STANDARD_LIBRARIES = YES;
				CODE_SIGN_STYLE = Automatic;
				CURRENT_PROJECT_VERSION = 1;
				GENERATE_INFOPLIST_FILE = YES;
				MARKETING_VERSION = 1.0;
				PRODUCT_BUNDLE_IDENTIFIER = "com.phs.binary-to-hexadecimalUITests";
				PRODUCT_NAME = "$(TARGET_NAME)";
				SWIFT_EMIT_LOC_STRINGS = NO;
				SWIFT_VERSION = 5.0;
				TARGETED_DEVICE_FAMILY = "1,2";
				TEST_TARGET_NAME = "binary to hexadecimal";
			};
			name = Debug;
		};
		E568C9222AB8A4280045CF3B /* Release */ = {
			isa = XCBuildConfiguration;
			buildSettings = {
				ALWAYS_EMBED_SWIFT_STANDARD_LIBRARIES = YES;
				CODE_SIGN_STYLE = Automatic;
				CURRENT_PROJECT_VERSION = 1;
				GENERATE_INFOPLIST_FILE = YES;
				MARKETING_VERSION = 1.0;
				PRODUCT_BUNDLE_IDENTIFIER = "com.phs.binary-to-hexadecimalUITests";
				PRODUCT_NAME = "$(TARGET_NAME)";
				SWIFT_EMIT_LOC_STRINGS = NO;
				SWIFT_VERSION = 5.0;
				TARGETED_DEVICE_FAMILY = "1,2";
				TEST_TARGET_NAME = "binary to hexadecimal";
			};
			name = Release;
		};
/* End XCBuildConfiguration section */

/* Begin XCConfigurationList section */
		E568C8EC2AB8A4270045CF3B /* Build configuration list for PBXProject "binary to hexadecimal" */ = {
			isa = XCConfigurationList;
			buildConfigurations = (
				E568C9182AB8A4280045CF3B /* Debug */,
				E568C9192AB8A4280045CF3B /* Release */,
			);
			defaultConfigurationIsVisible = 0;
			defaultConfigurationName = Release;
		};
		E568C91A2AB8A4280045CF3B /* Build configuration list for PBXNativeTarget "binary to hexadecimal" */ = {
			isa = XCConfigurationList;
			buildConfigurations = (
				E568C91B2AB8A4280045CF3B /* Debug */,
				E568C91C2AB8A4280045CF3B /* Release */,
			);
			defaultConfigurationIsVisible = 0;
			defaultConfigurationName = Release;
		};
		E568C91D2AB8A4280045CF3B /* Build configuration list for PBXNativeTarget "binary to hexadecimalTests" */ = {
			isa = XCConfigurationList;
			buildConfigurations = (
				E568C91E2AB8A4280045CF3B /* Debug */,
				E568C91F2AB8A4280045CF3B /* Release */,
			);
			defaultConfigurationIsVisible = 0;
			defaultConfigurationName = Release;
		};
		E568C9202AB8A4280045CF3B /* Build configuration list for PBXNativeTarget "binary to hexadecimalUITests" */ = {
			isa = XCConfigurationList;
			buildConfigurations = (
				E568C9212AB8A4280045CF3B /* Debug */,
				E568C9222AB8A4280045CF3B /* Release */,
			);
			defaultConfigurationIsVisible = 0;
			defaultConfigurationName = Release;
		};
/* End XCConfigurationList section */

/* Begin XCVersionGroup section */
		E568C8FF2AB8A4280045CF3B /* binary_to_hexadecimal.xcdatamodeld */ = {
			isa = XCVersionGroup;
			children = (
				E568C9002AB8A4280045CF3B /* binary_to_hexadecimal.xcdatamodel */,
			);
			currentVersion = E568C9002AB8A4280045CF3B /* binary_to_hexadecimal.xcdatamodel */;
			path = binary_to_hexadecimal.xcdatamodeld;
			sourceTree = "<group>";
			versionGroupType = wrapper.xcdatamodel;
		};
/* End XCVersionGroup section */
	};
	rootObject = E568C8E92AB8A4270045CF3B /* Project object */;
}
